// !$*UTF8*$!
{
	archiveVersion = 1;
	classes = {
	};
	objectVersion = 46;
	objects = {

/* Begin PBXBuildFile section */
		1889BC341F8C7EC20099FBB0 /* main.m in Sources */ = {isa = PBXBuildFile; fileRef = 1889BC331F8C7EC20099FBB0 /* main.m */; };
		1889BC371F8C7EC20099FBB0 /* AppDelegate.m in Sources */ = {isa = PBXBuildFile; fileRef = 1889BC361F8C7EC20099FBB0 /* AppDelegate.m */; };
		1889BC3A1F8C7EC20099FBB0 /* ViewController.m in Sources */ = {isa = PBXBuildFile; fileRef = 1889BC391F8C7EC20099FBB0 /* ViewController.m */; };
		1889BC3D1F8C7EC20099FBB0 /* Main.storyboard in Resources */ = {isa = PBXBuildFile; fileRef = 1889BC3B1F8C7EC20099FBB0 /* Main.storyboard */; };
		1889BC3F1F8C7EC20099FBB0 /* Assets.xcassets in Resources */ = {isa = PBXBuildFile; fileRef = 1889BC3E1F8C7EC20099FBB0 /* Assets.xcassets */; };
		1889BC421F8C7EC20099FBB0 /* LaunchScreen.storyboard in Resources */ = {isa = PBXBuildFile; fileRef = 1889BC401F8C7EC20099FBB0 /* LaunchScreen.storyboard */; };
		1889BC4D1F8C7EC20099FBB0 /* LTNetworkHelperTests.m in Sources */ = {isa = PBXBuildFile; fileRef = 1889BC4C1F8C7EC20099FBB0 /* LTNetworkHelperTests.m */; };
		1889BC581F8C7EC20099FBB0 /* LTNetworkHelperUITests.m in Sources */ = {isa = PBXBuildFile; fileRef = 1889BC571F8C7EC20099FBB0 /* LTNetworkHelperUITests.m */; };
		1889BC681F8C942A0099FBB0 /* LTNetworkHelper.m in Sources */ = {isa = PBXBuildFile; fileRef = 1889BC671F8C942A0099FBB0 /* LTNetworkHelper.m */; };
		1889BC6B1F8C943C0099FBB0 /* LTNetworkCache.m in Sources */ = {isa = PBXBuildFile; fileRef = 1889BC6A1F8C943C0099FBB0 /* LTNetworkCache.m */; };
		971912F75B2C6833155761D5 /* libPods-LTNetworkHelper.a in Frameworks */ = {isa = PBXBuildFile; fileRef = 4D6B277335F5BA41BA199901 /* libPods-LTNetworkHelper.a */; };
/* End PBXBuildFile section */

/* Begin PBXContainerItemProxy section */
		1889BC491F8C7EC20099FBB0 /* PBXContainerItemProxy */ = {
			isa = PBXContainerItemProxy;
			containerPortal = 1889BC271F8C7EC20099FBB0 /* Project object */;
			proxyType = 1;
			remoteGlobalIDString = 1889BC2E1F8C7EC20099FBB0;
			remoteInfo = WYNetworkHelper;
		};
		1889BC541F8C7EC20099FBB0 /* PBXContainerItemProxy */ = {
			isa = PBXContainerItemProxy;
			containerPortal = 1889BC271F8C7EC20099FBB0 /* Project object */;
			proxyType = 1;
			remoteGlobalIDString = 1889BC2E1F8C7EC20099FBB0;
			remoteInfo = WYNetworkHelper;
		};
/* End PBXContainerItemProxy section */

/* Begin PBXFileReference section */
		1889BC2F1F8C7EC20099FBB0 /* LTNetworkHelper.app */ = {isa = PBXFileReference; explicitFileType = wrapper.application; includeInIndex = 0; path = LTNetworkHelper.app; sourceTree = BUILT_PRODUCTS_DIR; };
		1889BC331F8C7EC20099FBB0 /* main.m */ = {isa = PBXFileReference; lastKnownFileType = sourcecode.c.objc; path = main.m; sourceTree = "<group>"; };
		1889BC351F8C7EC20099FBB0 /* AppDelegate.h */ = {isa = PBXFileReference; lastKnownFileType = sourcecode.c.h; path = AppDelegate.h; sourceTree = "<group>"; };
		1889BC361F8C7EC20099FBB0 /* AppDelegate.m */ = {isa = PBXFileReference; lastKnownFileType = sourcecode.c.objc; path = AppDelegate.m; sourceTree = "<group>"; };
		1889BC381F8C7EC20099FBB0 /* ViewController.h */ = {isa = PBXFileReference; lastKnownFileType = sourcecode.c.h; path = ViewController.h; sourceTree = "<group>"; };
		1889BC391F8C7EC20099FBB0 /* ViewController.m */ = {isa = PBXFileReference; lastKnownFileType = sourcecode.c.objc; path = ViewController.m; sourceTree = "<group>"; };
		1889BC3C1F8C7EC20099FBB0 /* Base */ = {isa = PBXFileReference; lastKnownFileType = file.storyboard; name = Base; path = Base.lproj/Main.storyboard; sourceTree = "<group>"; };
		1889BC3E1F8C7EC20099FBB0 /* Assets.xcassets */ = {isa = PBXFileReference; lastKnownFileType = folder.assetcatalog; path = Assets.xcassets; sourceTree = "<group>"; };
		1889BC411F8C7EC20099FBB0 /* Base */ = {isa = PBXFileReference; lastKnownFileType = file.storyboard; name = Base; path = Base.lproj/LaunchScreen.storyboard; sourceTree = "<group>"; };
		1889BC431F8C7EC20099FBB0 /* Info.plist */ = {isa = PBXFileReference; lastKnownFileType = text.plist.xml; path = Info.plist; sourceTree = "<group>"; };
		1889BC481F8C7EC20099FBB0 /* LTNetworkHelperTests.xctest */ = {isa = PBXFileReference; explicitFileType = wrapper.cfbundle; includeInIndex = 0; path = LTNetworkHelperTests.xctest; sourceTree = BUILT_PRODUCTS_DIR; };
		1889BC4C1F8C7EC20099FBB0 /* LTNetworkHelperTests.m */ = {isa = PBXFileReference; lastKnownFileType = sourcecode.c.objc; path = LTNetworkHelperTests.m; sourceTree = "<group>"; };
		1889BC4E1F8C7EC20099FBB0 /* Info.plist */ = {isa = PBXFileReference; lastKnownFileType = text.plist.xml; path = Info.plist; sourceTree = "<group>"; };
		1889BC531F8C7EC20099FBB0 /* LTNetworkHelperUITests.xctest */ = {isa = PBXFileReference; explicitFileType = wrapper.cfbundle; includeInIndex = 0; path = LTNetworkHelperUITests.xctest; sourceTree = BUILT_PRODUCTS_DIR; };
		1889BC571F8C7EC20099FBB0 /* LTNetworkHelperUITests.m */ = {isa = PBXFileReference; lastKnownFileType = sourcecode.c.objc; path = LTNetworkHelperUITests.m; sourceTree = "<group>"; };
		1889BC591F8C7EC20099FBB0 /* Info.plist */ = {isa = PBXFileReference; lastKnownFileType = text.plist.xml; path = Info.plist; sourceTree = "<group>"; };
		1889BC661F8C942A0099FBB0 /* LTNetworkHelper.h */ = {isa = PBXFileReference; fileEncoding = 4; lastKnownFileType = sourcecode.c.h; path = LTNetworkHelper.h; sourceTree = "<group>"; };
		1889BC671F8C942A0099FBB0 /* LTNetworkHelper.m */ = {isa = PBXFileReference; fileEncoding = 4; lastKnownFileType = sourcecode.c.objc; path = LTNetworkHelper.m; sourceTree = "<group>"; };
		1889BC691F8C943C0099FBB0 /* LTNetworkCache.h */ = {isa = PBXFileReference; fileEncoding = 4; lastKnownFileType = sourcecode.c.h; path = LTNetworkCache.h; sourceTree = "<group>"; };
		1889BC6A1F8C943C0099FBB0 /* LTNetworkCache.m */ = {isa = PBXFileReference; fileEncoding = 4; lastKnownFileType = sourcecode.c.objc; path = LTNetworkCache.m; sourceTree = "<group>"; };
		45D0DAA1E787B134F3A1DD49 /* Pods-LTNetworkHelper.release.xcconfig */ = {isa = PBXFileReference; includeInIndex = 1; lastKnownFileType = text.xcconfig; name = "Pods-LTNetworkHelper.release.xcconfig"; path = "Pods/Target Support Files/Pods-LTNetworkHelper/Pods-LTNetworkHelper.release.xcconfig"; sourceTree = "<group>"; };
		4D6B277335F5BA41BA199901 /* libPods-LTNetworkHelper.a */ = {isa = PBXFileReference; explicitFileType = archive.ar; includeInIndex = 0; path = "libPods-LTNetworkHelper.a"; sourceTree = BUILT_PRODUCTS_DIR; };
		684D35A59F570D16E7BF4962 /* Pods-LTNetworkHelper.release.xcconfig */ = {isa = PBXFileReference; includeInIndex = 1; lastKnownFileType = text.xcconfig; name = "Pods-LTNetworkHelper.release.xcconfig"; path = "Pods/Target Support Files/Pods-WYNetworkHelper/Pods-LTNetworkHelper.release.xcconfig"; sourceTree = "<group>"; };
		C6738386186FC9C2CCE40DC6 /* Pods-LTNetworkHelper.debug.xcconfig */ = {isa = PBXFileReference; includeInIndex = 1; lastKnownFileType = text.xcconfig; name = "Pods-LTNetworkHelper.debug.xcconfig"; path = "Pods/Target Support Files/Pods-LTNetworkHelper/Pods-LTNetworkHelper.debug.xcconfig"; sourceTree = "<group>"; };
		E2DA54016E693086D566A1B2 /* Pods-LTNetworkHelper.debug.xcconfig */ = {isa = PBXFileReference; includeInIndex = 1; lastKnownFileType = text.xcconfig; name = "Pods-LTNetworkHelper.debug.xcconfig"; path = "Pods/Target Support Files/Pods-WYNetworkHelper/Pods-LTNetworkHelper.debug.xcconfig"; sourceTree = "<group>"; };
/* End PBXFileReference section */

/* Begin PBXFrameworksBuildPhase section */
		1889BC2C1F8C7EC20099FBB0 /* Frameworks */ = {
			isa = PBXFrameworksBuildPhase;
			buildActionMask = 2147483647;
			files = (
				971912F75B2C6833155761D5 /* libPods-LTNetworkHelper.a in Frameworks */,
			);
			runOnlyForDeploymentPostprocessing = 0;
		};
		1889BC451F8C7EC20099FBB0 /* Frameworks */ = {
			isa = PBXFrameworksBuildPhase;
			buildActionMask = 2147483647;
			files = (
			);
			runOnlyForDeploymentPostprocessing = 0;
		};
		1889BC501F8C7EC20099FBB0 /* Frameworks */ = {
			isa = PBXFrameworksBuildPhase;
			buildActionMask = 2147483647;
			files = (
			);
			runOnlyForDeploymentPostprocessing = 0;
		};
/* End PBXFrameworksBuildPhase section */

/* Begin PBXGroup section */
		0316465161C237D7692240AB /* Pods */ = {
			isa = PBXGroup;
			children = (
				E2DA54016E693086D566A1B2 /* Pods-LTNetworkHelper.debug.xcconfig */,
				684D35A59F570D16E7BF4962 /* Pods-LTNetworkHelper.release.xcconfig */,
				C6738386186FC9C2CCE40DC6 /* Pods-LTNetworkHelper.debug.xcconfig */,
				45D0DAA1E787B134F3A1DD49 /* Pods-LTNetworkHelper.release.xcconfig */,
			);
			name = Pods;
			sourceTree = "<group>";
		};
		1889BC261F8C7EC20099FBB0 = {
			isa = PBXGroup;
			children = (
				1889BC311F8C7EC20099FBB0 /* LTNetworkHelper */,
				1889BC4B1F8C7EC20099FBB0 /* LTNetworkHelperTests */,
				1889BC561F8C7EC20099FBB0 /* LTNetworkHelperUITests */,
				1889BC301F8C7EC20099FBB0 /* Products */,
				0316465161C237D7692240AB /* Pods */,
				C6EFCD577AC3D1FF6A9226FA /* Frameworks */,
			);
			sourceTree = "<group>";
		};
		1889BC301F8C7EC20099FBB0 /* Products */ = {
			isa = PBXGroup;
			children = (
				1889BC2F1F8C7EC20099FBB0 /* LTNetworkHelper.app */,
				1889BC481F8C7EC20099FBB0 /* LTNetworkHelperTests.xctest */,
				1889BC531F8C7EC20099FBB0 /* LTNetworkHelperUITests.xctest */,
			);
			name = Products;
			sourceTree = "<group>";
		};
		1889BC311F8C7EC20099FBB0 /* LTNetworkHelper */ = {
			isa = PBXGroup;
			children = (
				1889BC651F8C93BB0099FBB0 /* LTNetworkHelper */,
				1889BC351F8C7EC20099FBB0 /* AppDelegate.h */,
				1889BC361F8C7EC20099FBB0 /* AppDelegate.m */,
				1889BC381F8C7EC20099FBB0 /* ViewController.h */,
				1889BC391F8C7EC20099FBB0 /* ViewController.m */,
				1889BC3B1F8C7EC20099FBB0 /* Main.storyboard */,
				1889BC3E1F8C7EC20099FBB0 /* Assets.xcassets */,
				1889BC401F8C7EC20099FBB0 /* LaunchScreen.storyboard */,
				1889BC431F8C7EC20099FBB0 /* Info.plist */,
				1889BC321F8C7EC20099FBB0 /* Supporting Files */,
			);
			path = LTNetworkHelper;
			sourceTree = "<group>";
		};
		1889BC321F8C7EC20099FBB0 /* Supporting Files */ = {
			isa = PBXGroup;
			children = (
				1889BC331F8C7EC20099FBB0 /* main.m */,
			);
			name = "Supporting Files";
			sourceTree = "<group>";
		};
		1889BC4B1F8C7EC20099FBB0 /* LTNetworkHelperTests */ = {
			isa = PBXGroup;
			children = (
				1889BC4C1F8C7EC20099FBB0 /* LTNetworkHelperTests.m */,
				1889BC4E1F8C7EC20099FBB0 /* Info.plist */,
			);
			path = LTNetworkHelperTests;
			sourceTree = "<group>";
		};
		1889BC561F8C7EC20099FBB0 /* LTNetworkHelperUITests */ = {
			isa = PBXGroup;
			children = (
				1889BC571F8C7EC20099FBB0 /* LTNetworkHelperUITests.m */,
				1889BC591F8C7EC20099FBB0 /* Info.plist */,
			);
			path = LTNetworkHelperUITests;
			sourceTree = "<group>";
		};
		1889BC651F8C93BB0099FBB0 /* LTNetworkHelper */ = {
			isa = PBXGroup;
			children = (
				1889BC661F8C942A0099FBB0 /* LTNetworkHelper.h */,
				1889BC671F8C942A0099FBB0 /* LTNetworkHelper.m */,
				1889BC691F8C943C0099FBB0 /* LTNetworkCache.h */,
				1889BC6A1F8C943C0099FBB0 /* LTNetworkCache.m */,
			);
			path = LTNetworkHelper;
			sourceTree = "<group>";
		};
		C6EFCD577AC3D1FF6A9226FA /* Frameworks */ = {
			isa = PBXGroup;
			children = (
				4D6B277335F5BA41BA199901 /* libPods-LTNetworkHelper.a */,
			);
			name = Frameworks;
			sourceTree = "<group>";
		};
/* End PBXGroup section */

/* Begin PBXNativeTarget section */
		1889BC2E1F8C7EC20099FBB0 /* LTNetworkHelper */ = {
			isa = PBXNativeTarget;
			buildConfigurationList = 1889BC5C1F8C7EC20099FBB0 /* Build configuration list for PBXNativeTarget "LTNetworkHelper" */;
			buildPhases = (
				7A3B056D7D7535811264AF41 /* [CP] Check Pods Manifest.lock */,
				1889BC2B1F8C7EC20099FBB0 /* Sources */,
				1889BC2C1F8C7EC20099FBB0 /* Frameworks */,
				1889BC2D1F8C7EC20099FBB0 /* Resources */,
			);
			buildRules = (
			);
			dependencies = (
			);
			name = LTNetworkHelper;
			productName = WYNetworkHelper;
			productReference = 1889BC2F1F8C7EC20099FBB0 /* LTNetworkHelper.app */;
			productType = "com.apple.product-type.application";
		};
		1889BC471F8C7EC20099FBB0 /* LTNetworkHelperTests */ = {
			isa = PBXNativeTarget;
			buildConfigurationList = 1889BC5F1F8C7EC20099FBB0 /* Build configuration list for PBXNativeTarget "LTNetworkHelperTests" */;
			buildPhases = (
				1889BC441F8C7EC20099FBB0 /* Sources */,
				1889BC451F8C7EC20099FBB0 /* Frameworks */,
				1889BC461F8C7EC20099FBB0 /* Resources */,
			);
			buildRules = (
			);
			dependencies = (
				1889BC4A1F8C7EC20099FBB0 /* PBXTargetDependency */,
			);
			name = LTNetworkHelperTests;
			productName = WYNetworkHelperTests;
			productReference = 1889BC481F8C7EC20099FBB0 /* LTNetworkHelperTests.xctest */;
			productType = "com.apple.product-type.bundle.unit-test";
		};
		1889BC521F8C7EC20099FBB0 /* LTNetworkHelperUITests */ = {
			isa = PBXNativeTarget;
			buildConfigurationList = 1889BC621F8C7EC20099FBB0 /* Build configuration list for PBXNativeTarget "LTNetworkHelperUITests" */;
			buildPhases = (
				1889BC4F1F8C7EC20099FBB0 /* Sources */,
				1889BC501F8C7EC20099FBB0 /* Frameworks */,
				1889BC511F8C7EC20099FBB0 /* Resources */,
			);
			buildRules = (
			);
			dependencies = (
				1889BC551F8C7EC20099FBB0 /* PBXTargetDependency */,
			);
			name = LTNetworkHelperUITests;
			productName = WYNetworkHelperUITests;
			productReference = 1889BC531F8C7EC20099FBB0 /* LTNetworkHelperUITests.xctest */;
			productType = "com.apple.product-type.bundle.ui-testing";
		};
/* End PBXNativeTarget section */

/* Begin PBXProject section */
		1889BC271F8C7EC20099FBB0 /* Project object */ = {
			isa = PBXProject;
			attributes = {
				LastUpgradeCheck = 0830;
				ORGANIZATIONNAME = Apple;
				TargetAttributes = {
					1889BC2E1F8C7EC20099FBB0 = {
						CreatedOnToolsVersion = 8.3.2;
						DevelopmentTeam = X4634493CA;
						ProvisioningStyle = Automatic;
					};
					1889BC471F8C7EC20099FBB0 = {
						CreatedOnToolsVersion = 8.3.2;
						DevelopmentTeam = 928VG77N86;
						ProvisioningStyle = Automatic;
						TestTargetID = 1889BC2E1F8C7EC20099FBB0;
					};
					1889BC521F8C7EC20099FBB0 = {
						CreatedOnToolsVersion = 8.3.2;
						DevelopmentTeam = 928VG77N86;
						ProvisioningStyle = Automatic;
						TestTargetID = 1889BC2E1F8C7EC20099FBB0;
					};
				};
			};
			buildConfigurationList = 1889BC2A1F8C7EC20099FBB0 /* Build configuration list for PBXProject "LTNetworkHelper" */;
			compatibilityVersion = "Xcode 3.2";
			developmentRegion = English;
			hasScannedForEncodings = 0;
			knownRegions = (
				English,
				en,
				Base,
			);
			mainGroup = 1889BC261F8C7EC20099FBB0;
			productRefGroup = 1889BC301F8C7EC20099FBB0 /* Products */;
			projectDirPath = "";
			projectRoot = "";
			targets = (
				1889BC2E1F8C7EC20099FBB0 /* LTNetworkHelper */,
				1889BC471F8C7EC20099FBB0 /* LTNetworkHelperTests */,
				1889BC521F8C7EC20099FBB0 /* LTNetworkHelperUITests */,
			);
		};
/* End PBXProject section */

/* Begin PBXResourcesBuildPhase section */
		1889BC2D1F8C7EC20099FBB0 /* Resources */ = {
			isa = PBXResourcesBuildPhase;
			buildActionMask = 2147483647;
			files = (
				1889BC421F8C7EC20099FBB0 /* LaunchScreen.storyboard in Resources */,
				1889BC3F1F8C7EC20099FBB0 /* Assets.xcassets in Resources */,
				1889BC3D1F8C7EC20099FBB0 /* Main.storyboard in Resources */,
			);
			runOnlyForDeploymentPostprocessing = 0;
		};
		1889BC461F8C7EC20099FBB0 /* Resources */ = {
			isa = PBXResourcesBuildPhase;
			buildActionMask = 2147483647;
			files = (
			);
			runOnlyForDeploymentPostprocessing = 0;
		};
		1889BC511F8C7EC20099FBB0 /* Resources */ = {
			isa = PBXResourcesBuildPhase;
			buildActionMask = 2147483647;
			files = (
			);
			runOnlyForDeploymentPostprocessing = 0;
		};
/* End PBXResourcesBuildPhase section */

/* Begin PBXShellScriptBuildPhase section */
		7A3B056D7D7535811264AF41 /* [CP] Check Pods Manifest.lock */ = {
			isa = PBXShellScriptBuildPhase;
			buildActionMask = 2147483647;
			files = (
			);
			inputPaths = (
				"${PODS_PODFILE_DIR_PATH}/Podfile.lock",
				"${PODS_ROOT}/Manifest.lock",
			);
			name = "[CP] Check Pods Manifest.lock";
			outputPaths = (
				"$(DERIVED_FILE_DIR)/Pods-LTNetworkHelper-checkManifestLockResult.txt",
			);
			runOnlyForDeploymentPostprocessing = 0;
			shellPath = /bin/sh;
			shellScript = "diff \"${PODS_PODFILE_DIR_PATH}/Podfile.lock\" \"${PODS_ROOT}/Manifest.lock\" > /dev/null\nif [ $? != 0 ] ; then\n    # print error to STDERR\n    echo \"error: The sandbox is not in sync with the Podfile.lock. Run 'pod install' or update your CocoaPods installation.\" >&2\n    exit 1\nfi\n# This output is used by Xcode 'outputs' to avoid re-running this script phase.\necho \"SUCCESS\" > \"${SCRIPT_OUTPUT_FILE_0}\"\n";
			showEnvVarsInLog = 0;
		};
/* End PBXShellScriptBuildPhase section */

/* Begin PBXSourcesBuildPhase section */
		1889BC2B1F8C7EC20099FBB0 /* Sources */ = {
			isa = PBXSourcesBuildPhase;
			buildActionMask = 2147483647;
			files = (
				1889BC6B1F8C943C0099FBB0 /* LTNetworkCache.m in Sources */,
				1889BC3A1F8C7EC20099FBB0 /* ViewController.m in Sources */,
				1889BC371F8C7EC20099FBB0 /* AppDelegate.m in Sources */,
				1889BC681F8C942A0099FBB0 /* LTNetworkHelper.m in Sources */,
				1889BC341F8C7EC20099FBB0 /* main.m in Sources */,
			);
			runOnlyForDeploymentPostprocessing = 0;
		};
		1889BC441F8C7EC20099FBB0 /* Sources */ = {
			isa = PBXSourcesBuildPhase;
			buildActionMask = 2147483647;
			files = (
				1889BC4D1F8C7EC20099FBB0 /* LTNetworkHelperTests.m in Sources */,
			);
			runOnlyForDeploymentPostprocessing = 0;
		};
		1889BC4F1F8C7EC20099FBB0 /* Sources */ = {
			isa = PBXSourcesBuildPhase;
			buildActionMask = 2147483647;
			files = (
				1889BC581F8C7EC20099FBB0 /* LTNetworkHelperUITests.m in Sources */,
			);
			runOnlyForDeploymentPostprocessing = 0;
		};
/* End PBXSourcesBuildPhase section */

/* Begin PBXTargetDependency section */
		1889BC4A1F8C7EC20099FBB0 /* PBXTargetDependency */ = {
			isa = PBXTargetDependency;
			target = 1889BC2E1F8C7EC20099FBB0 /* LTNetworkHelper */;
			targetProxy = 1889BC491F8C7EC20099FBB0 /* PBXContainerItemProxy */;
		};
		1889BC551F8C7EC20099FBB0 /* PBXTargetDependency */ = {
			isa = PBXTargetDependency;
			target = 1889BC2E1F8C7EC20099FBB0 /* LTNetworkHelper */;
			targetProxy = 1889BC541F8C7EC20099FBB0 /* PBXContainerItemProxy */;
		};
/* End PBXTargetDependency section */

/* Begin PBXVariantGroup section */
		1889BC3B1F8C7EC20099FBB0 /* Main.storyboard */ = {
			isa = PBXVariantGroup;
			children = (
				1889BC3C1F8C7EC20099FBB0 /* Base */,
			);
			name = Main.storyboard;
			sourceTree = "<group>";
		};
		1889BC401F8C7EC20099FBB0 /* LaunchScreen.storyboard */ = {
			isa = PBXVariantGroup;
			children = (
				1889BC411F8C7EC20099FBB0 /* Base */,
			);
			name = LaunchScreen.storyboard;
			sourceTree = "<group>";
		};
/* End PBXVariantGroup section */

/* Begin XCBuildConfiguration section */
		1889BC5A1F8C7EC20099FBB0 /* Debug */ = {
			isa = XCBuildConfiguration;
			buildSettings = {
				ALWAYS_SEARCH_USER_PATHS = NO;
				CLANG_ANALYZER_NONNULL = YES;
				CLANG_ANALYZER_NUMBER_OBJECT_CONVERSION = YES_AGGRESSIVE;
				CLANG_CXX_LANGUAGE_STANDARD = "gnu++0x";
				CLANG_CXX_LIBRARY = "libc++";
				CLANG_ENABLE_MODULES = YES;
				CLANG_ENABLE_OBJC_ARC = YES;
				CLANG_WARN_BOOL_CONVERSION = YES;
				CLANG_WARN_CONSTANT_CONVERSION = YES;
				CLANG_WARN_DIRECT_OBJC_ISA_USAGE = YES_ERROR;
				CLANG_WARN_DOCUMENTATION_COMMENTS = YES;
				CLANG_WARN_EMPTY_BODY = YES;
				CLANG_WARN_ENUM_CONVERSION = YES;
				CLANG_WARN_INFINITE_RECURSION = YES;
				CLANG_WARN_INT_CONVERSION = YES;
				CLANG_WARN_OBJC_ROOT_CLASS = YES_ERROR;
				CLANG_WARN_SUSPICIOUS_MOVE = YES;
				CLANG_WARN_UNREACHABLE_CODE = YES;
				CLANG_WARN__DUPLICATE_METHOD_MATCH = YES;
				"CODE_SIGN_IDENTITY[sdk=iphoneos*]" = "iPhone Developer";
				COPY_PHASE_STRIP = NO;
				DEBUG_INFORMATION_FORMAT = dwarf;
				ENABLE_STRICT_OBJC_MSGSEND = YES;
				ENABLE_TESTABILITY = YES;
				GCC_C_LANGUAGE_STANDARD = gnu99;
				GCC_DYNAMIC_NO_PIC = NO;
				GCC_NO_COMMON_BLOCKS = YES;
				GCC_OPTIMIZATION_LEVEL = 0;
				GCC_PREPROCESSOR_DEFINITIONS = (
					"DEBUG=1",
					"$(inherited)",
				);
				GCC_WARN_64_TO_32_BIT_CONVERSION = YES;
				GCC_WARN_ABOUT_RETURN_TYPE = YES_ERROR;
				GCC_WARN_UNDECLARED_SELECTOR = YES;
				GCC_WARN_UNINITIALIZED_AUTOS = YES_AGGRESSIVE;
				GCC_WARN_UNUSED_FUNCTION = YES;
				GCC_WARN_UNUSED_VARIABLE = YES;
				IPHONEOS_DEPLOYMENT_TARGET = 10.3;
				MTL_ENABLE_DEBUG_INFO = YES;
				ONLY_ACTIVE_ARCH = YES;
				SDKROOT = iphoneos;
				TARGETED_DEVICE_FAMILY = "1,2";
			};
			name = Debug;
		};
		1889BC5B1F8C7EC20099FBB0 /* Release */ = {
			isa = XCBuildConfiguration;
			buildSettings = {
				ALWAYS_SEARCH_USER_PATHS = NO;
				CLANG_ANALYZER_NONNULL = YES;
				CLANG_ANALYZER_NUMBER_OBJECT_CONVERSION = YES_AGGRESSIVE;
				CLANG_CXX_LANGUAGE_STANDARD = "gnu++0x";
				CLANG_CXX_LIBRARY = "libc++";
				CLANG_ENABLE_MODULES = YES;
				CLANG_ENABLE_OBJC_ARC = YES;
				CLANG_WARN_BOOL_CONVERSION = YES;
				CLANG_WARN_CONSTANT_CONVERSION = YES;
				CLANG_WARN_DIRECT_OBJC_ISA_USAGE = YES_ERROR;
				CLANG_WARN_DOCUMENTATION_COMMENTS = YES;
				CLANG_WARN_EMPTY_BODY = YES;
				CLANG_WARN_ENUM_CONVERSION = YES;
				CLANG_WARN_INFINITE_RECURSION = YES;
				CLANG_WARN_INT_CONVERSION = YES;
				CLANG_WARN_OBJC_ROOT_CLASS = YES_ERROR;
				CLANG_WARN_SUSPICIOUS_MOVE = YES;
				CLANG_WARN_UNREACHABLE_CODE = YES;
				CLANG_WARN__DUPLICATE_METHOD_MATCH = YES;
				"CODE_SIGN_IDENTITY[sdk=iphoneos*]" = "iPhone Developer";
				COPY_PHASE_STRIP = NO;
				DEBUG_INFORMATION_FORMAT = "dwarf-with-dsym";
				ENABLE_NS_ASSERTIONS = NO;
				ENABLE_STRICT_OBJC_MSGSEND = YES;
				GCC_C_LANGUAGE_STANDARD = gnu99;
				GCC_NO_COMMON_BLOCKS = YES;
				GCC_WARN_64_TO_32_BIT_CONVERSION = YES;
				GCC_WARN_ABOUT_RETURN_TYPE = YES_ERROR;
				GCC_WARN_UNDECLARED_SELECTOR = YES;
				GCC_WARN_UNINITIALIZED_AUTOS = YES_AGGRESSIVE;
				GCC_WARN_UNUSED_FUNCTION = YES;
				GCC_WARN_UNUSED_VARIABLE = YES;
				IPHONEOS_DEPLOYMENT_TARGET = 10.3;
				MTL_ENABLE_DEBUG_INFO = NO;
				SDKROOT = iphoneos;
				TARGETED_DEVICE_FAMILY = "1,2";
				VALIDATE_PRODUCT = YES;
			};
			name = Release;
		};
		1889BC5D1F8C7EC20099FBB0 /* Debug */ = {
			isa = XCBuildConfiguration;
			baseConfigurationReference = C6738386186FC9C2CCE40DC6 /* Pods-LTNetworkHelper.debug.xcconfig */;
			buildSettings = {
				ASSETCATALOG_COMPILER_APPICON_NAME = AppIcon;
				DEVELOPMENT_TEAM = X4634493CA;
				INFOPLIST_FILE = LTNetworkHelper/Info.plist;
				LD_RUNPATH_SEARCH_PATHS = "$(inherited) @executable_path/Frameworks";
				PRODUCT_BUNDLE_IDENTIFIER = hxtc.LTNetworkHelper;
				PRODUCT_NAME = "$(TARGET_NAME)";
			};
			name = Debug;
		};
		1889BC5E1F8C7EC20099FBB0 /* Release */ = {
			isa = XCBuildConfiguration;
			baseConfigurationReference = 45D0DAA1E787B134F3A1DD49 /* Pods-LTNetworkHelper.release.xcconfig */;
			buildSettings = {
				ASSETCATALOG_COMPILER_APPICON_NAME = AppIcon;
				DEVELOPMENT_TEAM = X4634493CA;
				INFOPLIST_FILE = LTNetworkHelper/Info.plist;
				LD_RUNPATH_SEARCH_PATHS = "$(inherited) @executable_path/Frameworks";
				PRODUCT_BUNDLE_IDENTIFIER = hxtc.LTNetworkHelper;
				PRODUCT_NAME = "$(TARGET_NAME)";
			};
			name = Release;
		};
		1889BC601F8C7EC20099FBB0 /* Debug */ = {
			isa = XCBuildConfiguration;
			buildSettings = {
				BUNDLE_LOADER = "$(TEST_HOST)";
				DEVELOPMENT_TEAM = 928VG77N86;
				INFOPLIST_FILE = LTNetworkHelperTests/Info.plist;
				LD_RUNPATH_SEARCH_PATHS = "$(inherited) @executable_path/Frameworks @loader_path/Frameworks";
				PRODUCT_BUNDLE_IDENTIFIER = hxtc.LTNetworkHelperTests;
				PRODUCT_NAME = "$(TARGET_NAME)";
				TEST_HOST = "$(BUILT_PRODUCTS_DIR)/LTNetworkHelper.app/LTNetworkHelper";
			};
			name = Debug;
		};
		1889BC611F8C7EC20099FBB0 /* Release */ = {
			isa = XCBuildConfiguration;
			buildSettings = {
				BUNDLE_LOADER = "$(TEST_HOST)";
				DEVELOPMENT_TEAM = 928VG77N86;
				INFOPLIST_FILE = LTNetworkHelperTests/Info.plist;
				LD_RUNPATH_SEARCH_PATHS = "$(inherited) @executable_path/Frameworks @loader_path/Frameworks";
				PRODUCT_BUNDLE_IDENTIFIER = hxtc.LTNetworkHelperTests;
				PRODUCT_NAME = "$(TARGET_NAME)";
				TEST_HOST = "$(BUILT_PRODUCTS_DIR)/LTNetworkHelper.app/LTNetworkHelper";
			};
			name = Release;
		};
		1889BC631F8C7EC20099FBB0 /* Debug */ = {
			isa = XCBuildConfiguration;
			buildSettings = {
				DEVELOPMENT_TEAM = 928VG77N86;
				INFOPLIST_FILE = LTNetworkHelperUITests/Info.plist;
				LD_RUNPATH_SEARCH_PATHS = "$(inherited) @executable_path/Frameworks @loader_path/Frameworks";
				PRODUCT_BUNDLE_IDENTIFIER = hxtc.LTNetworkHelperUITests;
				PRODUCT_NAME = "$(TARGET_NAME)";
				TEST_TARGET_NAME = LTNetworkHelper;
			};
			name = Debug;
		};
		1889BC641F8C7EC20099FBB0 /* Release */ = {
			isa = XCBuildConfiguration;
			buildSettings = {
				DEVELOPMENT_TEAM = 928VG77N86;
				INFOPLIST_FILE = LTNetworkHelperUITests/Info.plist;
				LD_RUNPATH_SEARCH_PATHS = "$(inherited) @executable_path/Frameworks @loader_path/Frameworks";
				PRODUCT_BUNDLE_IDENTIFIER = hxtc.LTNetworkHelperUITests;
				PRODUCT_NAME = "$(TARGET_NAME)";
				TEST_TARGET_NAME = LTNetworkHelper;
			};
			name = Release;
		};
/* End XCBuildConfiguration section */

/* Begin XCConfigurationList section */
		1889BC2A1F8C7EC20099FBB0 /* Build configuration list for PBXProject "LTNetworkHelper" */ = {
			isa = XCConfigurationList;
			buildConfigurations = (
				1889BC5A1F8C7EC20099FBB0 /* Debug */,
				1889BC5B1F8C7EC20099FBB0 /* Release */,
			);
			defaultConfigurationIsVisible = 0;
			defaultConfigurationName = Release;
		};
		1889BC5C1F8C7EC20099FBB0 /* Build configuration list for PBXNativeTarget "LTNetworkHelper" */ = {
			isa = XCConfigurationList;
			buildConfigurations = (
				1889BC5D1F8C7EC20099FBB0 /* Debug */,
				1889BC5E1F8C7EC20099FBB0 /* Release */,
			);
			defaultConfigurationIsVisible = 0;
			defaultConfigurationName = Release;
		};
		1889BC5F1F8C7EC20099FBB0 /* Build configuration list for PBXNativeTarget "LTNetworkHelperTests" */ = {
			isa = XCConfigurationList;
			buildConfigurations = (
				1889BC601F8C7EC20099FBB0 /* Debug */,
				1889BC611F8C7EC20099FBB0 /* Release */,
			);
			defaultConfigurationIsVisible = 0;
			defaultConfigurationName = Release;
		};
		1889BC621F8C7EC20099FBB0 /* Build configuration list for PBXNativeTarget "LTNetworkHelperUITests" */ = {
			isa = XCConfigurationList;
			buildConfigurations = (
				1889BC631F8C7EC20099FBB0 /* Debug */,
				1889BC641F8C7EC20099FBB0 /* Release */,
			);
			defaultConfigurationIsVisible = 0;
			defaultConfigurationName = Release;
		};
/* End XCConfigurationList section */
	};
	rootObject = 1889BC271F8C7EC20099FBB0 /* Project object */;
}
